PODS:
  - StanwoodGroupChain (1.0.2)

DEPENDENCIES:
  - StanwoodGroupChain (from `../`)

EXTERNAL SOURCES:
  StanwoodGroupChain:
    :path: "../"

SPEC CHECKSUMS:
  StanwoodGroupChain: 99f9ed1c2e085d88f02ef66d66b09fecddae7390

PODFILE CHECKSUM: d9b8d3b959cede4a7ab14bda3d8a2dda9b967bea

COCOAPODS: 1.7.3
