PODS:
  - StanwoodGroupChain (0.1.1)

DEPENDENCIES:
  - StanwoodGroupChain (from `../`)

EXTERNAL SOURCES:
  StanwoodGroupChain:
    :path: "../"

SPEC CHECKSUMS:
  StanwoodGroupChain: 648fb0eddf28374947f9ddf6acd73a3ad37f4212

PODFILE CHECKSUM: 9c0abcd8f8a4486347a2c67c468667a46f08eb33

COCOAPODS: 1.5.3
