PODS:
  - StanwoodGroupChain (0.1.1)

DEPENDENCIES:
  - StanwoodGroupChain (from `../`)

EXTERNAL SOURCES:
  StanwoodGroupChain:
    :path: "../"

SPEC CHECKSUMS:
  StanwoodGroupChain: 4a5af11dac2d7b15b0419dc4ba80fda05ce2e16e

PODFILE CHECKSUM: d9b8d3b959cede4a7ab14bda3d8a2dda9b967bea

COCOAPODS: 1.5.3
